{
  "name": "sinlov",
  "version": "1.6.2",
  "lockfileVersion": 1,
  "requires": true,
  "dependencies": {
    "dotenv": {
      "version": "8.2.0",
      "resolved": "https://registry.npm.taobao.org/dotenv/download/dotenv-8.2.0.tgz",
      "integrity": "sha1-l+YZJZradQ7qPk6j4mvO6lQksWo="
    },
    "extend": {
      "version": "3.0.2",
      "resolved": "https://registry.npm.taobao.org/extend/download/extend-3.0.2.tgz",
      "integrity": "sha1-+LETa0Bx+9jrFAr/hYsQGewpFfo="
    },
    "line-reader": {
      "version": "0.4.0",
      "resolved": "https://registry.npm.taobao.org/line-reader/download/line-reader-0.4.0.tgz",
      "integrity": "sha1-F+RIGNoKwzVnW6MAlU+U72cOZv0="
    },
    "module-require": {
      "version": "1.4.5",
      "resolved": "https://registry.npm.taobao.org/module-require/download/module-require-1.4.5.tgz",
      "integrity": "sha1-Yz3wgzRDya2FlvTELlI3NINVr4g="
    },
    "moment": {
      "version": "2.29.1",
      "resolved": "https://registry.npm.taobao.org/moment/download/moment-2.29.1.tgz?cache=0&sync_timestamp=1601983557585&other_urls=https%3A%2F%2Fregistry.npm.taobao.org%2Fmoment%2Fdownload%2Fmoment-2.29.1.tgz",
      "integrity": "sha1-sr52n6MZQL6e7qZGnAdeNQBvo9M="
    },
    "moment-timezone": {
      "version": "0.5.32",
      "resolved": "https://registry.npm.taobao.org/moment-timezone/download/moment-timezone-0.5.32.tgz",
      "integrity": "sha1-23Z3zDzGgP0wMD69kLDaHKDf7MI=",
      "requires": {
        "moment": ">= 2.9.0"
      }
    },
    "mustache": {
      "version": "4.1.0",
      "resolved": "https://registry.npm.taobao.org/mustache/download/mustache-4.1.0.tgz?cache=0&sync_timestamp=1607210923279&other_urls=https%3A%2F%2Fregistry.npm.taobao.org%2Fmustache%2Fdownload%2Fmustache-4.1.0.tgz",
      "integrity": "sha1-jBsEIjipgtLrLTDvxsFClq4/aZ0="
    },
    "node-fetch": {
      "version": "2.6.1",
      "resolved": "https://registry.npm.taobao.org/node-fetch/download/node-fetch-2.6.1.tgz?cache=0&sync_timestamp=1599309202591&other_urls=https%3A%2F%2Fregistry.npm.taobao.org%2Fnode-fetch%2Fdownload%2Fnode-fetch-2.6.1.tgz",
      "integrity": "sha1-BFvTI2Mfdu0uK1VXM5RBa2OaAFI="
    },
    "nodejs-fs-utils": {
      "version": "1.2.5",
      "resolved": "https://registry.npm.taobao.org/nodejs-fs-utils/download/nodejs-fs-utils-1.2.5.tgz",
      "integrity": "sha1-D13RxECXhC3ovMX4OOyHKW0veeU=",
      "requires": {
        "module-require": "*"
      }
    }
  }
}
